// !$*UTF8*$!
{
	archiveVersion = 1;
	classes = {
	};
	objectVersion = 50;
	objects = {

/* Begin PBXBuildFile section */
		C8AFE94C26035A4D0021F63D /* AppDelegate.swift in Sources */ = {isa = PBXBuildFile; fileRef = C8AFE94B26035A4D0021F63D /* AppDelegate.swift */; };
		C8AFE94E26035A4D0021F63D /* SceneDelegate.swift in Sources */ = {isa = PBXBuildFile; fileRef = C8AFE94D26035A4D0021F63D /* SceneDelegate.swift */; };
		C8AFE95026035A4D0021F63D /* ViewController.swift in Sources */ = {isa = PBXBuildFile; fileRef = C8AFE94F26035A4D0021F63D /* ViewController.swift */; };
		C8AFE95326035A4D0021F63D /* Main.storyboard in Resources */ = {isa = PBXBuildFile; fileRef = C8AFE95126035A4D0021F63D /* Main.storyboard */; };
		C8AFE95526035A4E0021F63D /* Assets.xcassets in Resources */ = {isa = PBXBuildFile; fileRef = C8AFE95426035A4E0021F63D /* Assets.xcassets */; };
		C8AFE95826035A4E0021F63D /* LaunchScreen.storyboard in Resources */ = {isa = PBXBuildFile; fileRef = C8AFE95626035A4E0021F63D /* LaunchScreen.storyboard */; };
		C8AFE96326035A4E0021F63D /* DependencyDemoTests.swift in Sources */ = {isa = PBXBuildFile; fileRef = C8AFE96226035A4E0021F63D /* DependencyDemoTests.swift */; };
		C8AFE96E26035A4E0021F63D /* DependencyDemoUITests.swift in Sources */ = {isa = PBXBuildFile; fileRef = C8AFE96D26035A4E0021F63D /* DependencyDemoUITests.swift */; };
/* End PBXBuildFile section */

/* Begin PBXContainerItemProxy section */
		C8AFE95F26035A4E0021F63D /* PBXContainerItemProxy */ = {
			isa = PBXContainerItemProxy;
			containerPortal = C8AFE94026035A4D0021F63D /* Project object */;
			proxyType = 1;
			remoteGlobalIDString = C8AFE94726035A4D0021F63D;
			remoteInfo = DependencyDemo;
		};
		C8AFE96A26035A4E0021F63D /* PBXContainerItemProxy */ = {
			isa = PBXContainerItemProxy;
			containerPortal = C8AFE94026035A4D0021F63D /* Project object */;
			proxyType = 1;
			remoteGlobalIDString = C8AFE94726035A4D0021F63D;
			remoteInfo = DependencyDemo;
		};
/* End PBXContainerItemProxy section */

/* Begin PBXFileReference section */
		C8AFE94826035A4D0021F63D /* DependencyDemo.app */ = {isa = PBXFileReference; explicitFileType = wrapper.application; includeInIndex = 0; path = DependencyDemo.app; sourceTree = BUILT_PRODUCTS_DIR; };
		C8AFE94B26035A4D0021F63D /* AppDelegate.swift */ = {isa = PBXFileReference; lastKnownFileType = sourcecode.swift; path = AppDelegate.swift; sourceTree = "<group>"; };
		C8AFE94D26035A4D0021F63D /* SceneDelegate.swift */ = {isa = PBXFileReference; lastKnownFileType = sourcecode.swift; path = SceneDelegate.swift; sourceTree = "<group>"; };
		C8AFE94F26035A4D0021F63D /* ViewController.swift */ = {isa = PBXFileReference; lastKnownFileType = sourcecode.swift; path = ViewController.swift; sourceTree = "<group>"; };
		C8AFE95226035A4D0021F63D /* Base */ = {isa = PBXFileReference; lastKnownFileType = file.storyboard; name = Base; path = Base.lproj/Main.storyboard; sourceTree = "<group>"; };
		C8AFE95426035A4E0021F63D /* Assets.xcassets */ = {isa = PBXFileReference; lastKnownFileType = folder.assetcatalog; path = Assets.xcassets; sourceTree = "<group>"; };
		C8AFE95726035A4E0021F63D /* Base */ = {isa = PBXFileReference; lastKnownFileType = file.storyboard; name = Base; path = Base.lproj/LaunchScreen.storyboard; sourceTree = "<group>"; };
		C8AFE95926035A4E0021F63D /* Info.plist */ = {isa = PBXFileReference; lastKnownFileType = text.plist.xml; path = Info.plist; sourceTree = "<group>"; };
		C8AFE95E26035A4E0021F63D /* DependencyDemoTests.xctest */ = {isa = PBXFileReference; explicitFileType = wrapper.cfbundle; includeInIndex = 0; path = DependencyDemoTests.xctest; sourceTree = BUILT_PRODUCTS_DIR; };
		C8AFE96226035A4E0021F63D /* DependencyDemoTests.swift */ = {isa = PBXFileReference; lastKnownFileType = sourcecode.swift; path = DependencyDemoTests.swift; sourceTree = "<group>"; };
		C8AFE96426035A4E0021F63D /* Info.plist */ = {isa = PBXFileReference; lastKnownFileType = text.plist.xml; path = Info.plist; sourceTree = "<group>"; };
		C8AFE96926035A4E0021F63D /* DependencyDemoUITests.xctest */ = {isa = PBXFileReference; explicitFileType = wrapper.cfbundle; includeInIndex = 0; path = DependencyDemoUITests.xctest; sourceTree = BUILT_PRODUCTS_DIR; };
		C8AFE96D26035A4E0021F63D /* DependencyDemoUITests.swift */ = {isa = PBXFileReference; lastKnownFileType = sourcecode.swift; path = DependencyDemoUITests.swift; sourceTree = "<group>"; };
		C8AFE96F26035A4E0021F63D /* Info.plist */ = {isa = PBXFileReference; lastKnownFileType = text.plist.xml; path = Info.plist; sourceTree = "<group>"; };
/* End PBXFileReference section */

/* Begin PBXFrameworksBuildPhase section */
		C8AFE94526035A4D0021F63D /* Frameworks */ = {
			isa = PBXFrameworksBuildPhase;
			buildActionMask = 2147483647;
			files = (
			);
			runOnlyForDeploymentPostprocessing = 0;
		};
		C8AFE95B26035A4E0021F63D /* Frameworks */ = {
			isa = PBXFrameworksBuildPhase;
			buildActionMask = 2147483647;
			files = (
			);
			runOnlyForDeploymentPostprocessing = 0;
		};
		C8AFE96626035A4E0021F63D /* Frameworks */ = {
			isa = PBXFrameworksBuildPhase;
			buildActionMask = 2147483647;
			files = (
			);
			runOnlyForDeploymentPostprocessing = 0;
		};
/* End PBXFrameworksBuildPhase section */

/* Begin PBXGroup section */
		C8AFE93F26035A4D0021F63D = {
			isa = PBXGroup;
			children = (
				C8AFE94A26035A4D0021F63D /* DependencyDemo */,
				C8AFE96126035A4E0021F63D /* DependencyDemoTests */,
				C8AFE96C26035A4E0021F63D /* DependencyDemoUITests */,
				C8AFE94926035A4D0021F63D /* Products */,
			);
			sourceTree = "<group>";
		};
		C8AFE94926035A4D0021F63D /* Products */ = {
			isa = PBXGroup;
			children = (
				C8AFE94826035A4D0021F63D /* DependencyDemo.app */,
				C8AFE95E26035A4E0021F63D /* DependencyDemoTests.xctest */,
				C8AFE96926035A4E0021F63D /* DependencyDemoUITests.xctest */,
			);
			name = Products;
			sourceTree = "<group>";
		};
		C8AFE94A26035A4D0021F63D /* DependencyDemo */ = {
			isa = PBXGroup;
			children = (
				C8AFE94B26035A4D0021F63D /* AppDelegate.swift */,
				C8AFE94D26035A4D0021F63D /* SceneDelegate.swift */,
				C8AFE94F26035A4D0021F63D /* ViewController.swift */,
				C8AFE95126035A4D0021F63D /* Main.storyboard */,
				C8AFE95426035A4E0021F63D /* Assets.xcassets */,
				C8AFE95626035A4E0021F63D /* LaunchScreen.storyboard */,
				C8AFE95926035A4E0021F63D /* Info.plist */,
			);
			path = DependencyDemo;
			sourceTree = "<group>";
		};
		C8AFE96126035A4E0021F63D /* DependencyDemoTests */ = {
			isa = PBXGroup;
			children = (
				C8AFE96226035A4E0021F63D /* DependencyDemoTests.swift */,
				C8AFE96426035A4E0021F63D /* Info.plist */,
			);
			path = DependencyDemoTests;
			sourceTree = "<group>";
		};
		C8AFE96C26035A4E0021F63D /* DependencyDemoUITests */ = {
			isa = PBXGroup;
			children = (
				C8AFE96D26035A4E0021F63D /* DependencyDemoUITests.swift */,
				C8AFE96F26035A4E0021F63D /* Info.plist */,
			);
			path = DependencyDemoUITests;
			sourceTree = "<group>";
		};
/* End PBXGroup section */

/* Begin PBXNativeTarget section */
		C8AFE94726035A4D0021F63D /* DependencyDemo */ = {
			isa = PBXNativeTarget;
			buildConfigurationList = C8AFE97226035A4E0021F63D /* Build configuration list for PBXNativeTarget "DependencyDemo" */;
			buildPhases = (
				C8AFE94426035A4D0021F63D /* Sources */,
				C8AFE94526035A4D0021F63D /* Frameworks */,
				C8AFE94626035A4D0021F63D /* Resources */,
			);
			buildRules = (
			);
			dependencies = (
			);
			name = DependencyDemo;
			productName = DependencyDemo;
			productReference = C8AFE94826035A4D0021F63D /* DependencyDemo.app */;
			productType = "com.apple.product-type.application";
		};
		C8AFE95D26035A4E0021F63D /* DependencyDemoTests */ = {
			isa = PBXNativeTarget;
			buildConfigurationList = C8AFE97526035A4E0021F63D /* Build configuration list for PBXNativeTarget "DependencyDemoTests" */;
			buildPhases = (
				C8AFE95A26035A4E0021F63D /* Sources */,
				C8AFE95B26035A4E0021F63D /* Frameworks */,
				C8AFE95C26035A4E0021F63D /* Resources */,
			);
			buildRules = (
			);
			dependencies = (
				C8AFE96026035A4E0021F63D /* PBXTargetDependency */,
			);
			name = DependencyDemoTests;
			productName = DependencyDemoTests;
			productReference = C8AFE95E26035A4E0021F63D /* DependencyDemoTests.xctest */;
			productType = "com.apple.product-type.bundle.unit-test";
		};
		C8AFE96826035A4E0021F63D /* DependencyDemoUITests */ = {
			isa = PBXNativeTarget;
			buildConfigurationList = C8AFE97826035A4E0021F63D /* Build configuration list for PBXNativeTarget "DependencyDemoUITests" */;
			buildPhases = (
				C8AFE96526035A4E0021F63D /* Sources */,
				C8AFE96626035A4E0021F63D /* Frameworks */,
				C8AFE96726035A4E0021F63D /* Resources */,
			);
			buildRules = (
			);
			dependencies = (
				C8AFE96B26035A4E0021F63D /* PBXTargetDependency */,
			);
			name = DependencyDemoUITests;
			productName = DependencyDemoUITests;
			productReference = C8AFE96926035A4E0021F63D /* DependencyDemoUITests.xctest */;
			productType = "com.apple.product-type.bundle.ui-testing";
		};
/* End PBXNativeTarget section */

/* Begin PBXProject section */
		C8AFE94026035A4D0021F63D /* Project object */ = {
			isa = PBXProject;
			attributes = {
				LastSwiftUpdateCheck = 1240;
				LastUpgradeCheck = 1240;
				TargetAttributes = {
					C8AFE94726035A4D0021F63D = {
						CreatedOnToolsVersion = 12.4;
					};
					C8AFE95D26035A4E0021F63D = {
						CreatedOnToolsVersion = 12.4;
						TestTargetID = C8AFE94726035A4D0021F63D;
					};
					C8AFE96826035A4E0021F63D = {
						CreatedOnToolsVersion = 12.4;
						TestTargetID = C8AFE94726035A4D0021F63D;
					};
				};
			};
			buildConfigurationList = C8AFE94326035A4D0021F63D /* Build configuration list for PBXProject "DependencyDemo" */;
			compatibilityVersion = "Xcode 9.3";
			developmentRegion = en;
			hasScannedForEncodings = 0;
			knownRegions = (
				en,
				Base,
			);
			mainGroup = C8AFE93F26035A4D0021F63D;
			productRefGroup = C8AFE94926035A4D0021F63D /* Products */;
			projectDirPath = "";
			projectRoot = "";
			targets = (
				C8AFE94726035A4D0021F63D /* DependencyDemo */,
				C8AFE95D26035A4E0021F63D /* DependencyDemoTests */,
				C8AFE96826035A4E0021F63D /* DependencyDemoUITests */,
			);
		};
/* End PBXProject section */

/* Begin PBXResourcesBuildPhase section */
		C8AFE94626035A4D0021F63D /* Resources */ = {
			isa = PBXResourcesBuildPhase;
			buildActionMask = 2147483647;
			files = (
				C8AFE95826035A4E0021F63D /* LaunchScreen.storyboard in Resources */,
				C8AFE95526035A4E0021F63D /* Assets.xcassets in Resources */,
				C8AFE95326035A4D0021F63D /* Main.storyboard in Resources */,
			);
			runOnlyForDeploymentPostprocessing = 0;
		};
		C8AFE95C26035A4E0021F63D /* Resources */ = {
			isa = PBXResourcesBuildPhase;
			buildActionMask = 2147483647;
			files = (
			);
			runOnlyForDeploymentPostprocessing = 0;
		};
		C8AFE96726035A4E0021F63D /* Resources */ = {
			isa = PBXResourcesBuildPhase;
			buildActionMask = 2147483647;
			files = (
			);
			runOnlyForDeploymentPostprocessing = 0;
		};
/* End PBXResourcesBuildPhase section */

/* Begin PBXSourcesBuildPhase section */
		C8AFE94426035A4D0021F63D /* Sources */ = {
			isa = PBXSourcesBuildPhase;
			buildActionMask = 2147483647;
			files = (
				C8AFE95026035A4D0021F63D /* ViewController.swift in Sources */,
				C8AFE94C26035A4D0021F63D /* AppDelegate.swift in Sources */,
				C8AFE94E26035A4D0021F63D /* SceneDelegate.swift in Sources */,
			);
			runOnlyForDeploymentPostprocessing = 0;
		};
		C8AFE95A26035A4E0021F63D /* Sources */ = {
			isa = PBXSourcesBuildPhase;
			buildActionMask = 2147483647;
			files = (
				C8AFE96326035A4E0021F63D /* DependencyDemoTests.swift in Sources */,
			);
			runOnlyForDeploymentPostprocessing = 0;
		};
		C8AFE96526035A4E0021F63D /* Sources */ = {
			isa = PBXSourcesBuildPhase;
			buildActionMask = 2147483647;
			files = (
				C8AFE96E26035A4E0021F63D /* DependencyDemoUITests.swift in Sources */,
			);
			runOnlyForDeploymentPostprocessing = 0;
		};
/* End PBXSourcesBuildPhase section */

/* Begin PBXTargetDependency section */
		C8AFE96026035A4E0021F63D /* PBXTargetDependency */ = {
			isa = PBXTargetDependency;
			target = C8AFE94726035A4D0021F63D /* DependencyDemo */;
			targetProxy = C8AFE95F26035A4E0021F63D /* PBXContainerItemProxy */;
		};
		C8AFE96B26035A4E0021F63D /* PBXTargetDependency */ = {
			isa = PBXTargetDependency;
			target = C8AFE94726035A4D0021F63D /* DependencyDemo */;
			targetProxy = C8AFE96A26035A4E0021F63D /* PBXContainerItemProxy */;
		};
/* End PBXTargetDependency section */

/* Begin PBXVariantGroup section */
		C8AFE95126035A4D0021F63D /* Main.storyboard */ = {
			isa = PBXVariantGroup;
			children = (
				C8AFE95226035A4D0021F63D /* Base */,
			);
			name = Main.storyboard;
			sourceTree = "<group>";
		};
		C8AFE95626035A4E0021F63D /* LaunchScreen.storyboard */ = {
			isa = PBXVariantGroup;
			children = (
				C8AFE95726035A4E0021F63D /* Base */,
			);
			name = LaunchScreen.storyboard;
			sourceTree = "<group>";
		};
/* End PBXVariantGroup section */

/* Begin XCBuildConfiguration section */
		C8AFE97026035A4E0021F63D /* Debug */ = {
			isa = XCBuildConfiguration;
			buildSettings = {
				ALWAYS_SEARCH_USER_PATHS = NO;
				CLANG_ANALYZER_NONNULL = YES;
				CLANG_ANALYZER_NUMBER_OBJECT_CONVERSION = YES_AGGRESSIVE;
				CLANG_CXX_LANGUAGE_STANDARD = "gnu++14";
				CLANG_CXX_LIBRARY = "libc++";
				CLANG_ENABLE_MODULES = YES;
				CLANG_ENABLE_OBJC_ARC = YES;
				CLANG_ENABLE_OBJC_WEAK = YES;
				CLANG_WARN_BLOCK_CAPTURE_AUTORELEASING = YES;
				CLANG_WARN_BOOL_CONVERSION = YES;
				CLANG_WARN_COMMA = YES;
				CLANG_WARN_CONSTANT_CONVERSION = YES;
				CLANG_WARN_DEPRECATED_OBJC_IMPLEMENTATIONS = YES;
				CLANG_WARN_DIRECT_OBJC_ISA_USAGE = YES_ERROR;
				CLANG_WARN_DOCUMENTATION_COMMENTS = YES;
				CLANG_WARN_EMPTY_BODY = YES;
				CLANG_WARN_ENUM_CONVERSION = YES;
				CLANG_WARN_INFINITE_RECURSION = YES;
				CLANG_WARN_INT_CONVERSION = YES;
				CLANG_WARN_NON_LITERAL_NULL_CONVERSION = YES;
				CLANG_WARN_OBJC_IMPLICIT_RETAIN_SELF = YES;
				CLANG_WARN_OBJC_LITERAL_CONVERSION = YES;
				CLANG_WARN_OBJC_ROOT_CLASS = YES_ERROR;
				CLANG_WARN_QUOTED_INCLUDE_IN_FRAMEWORK_HEADER = YES;
				CLANG_WARN_RANGE_LOOP_ANALYSIS = YES;
				CLANG_WARN_STRICT_PROTOTYPES = YES;
				CLANG_WARN_SUSPICIOUS_MOVE = YES;
				CLANG_WARN_UNGUARDED_AVAILABILITY = YES_AGGRESSIVE;
				CLANG_WARN_UNREACHABLE_CODE = YES;
				CLANG_WARN__DUPLICATE_METHOD_MATCH = YES;
				COPY_PHASE_STRIP = NO;
				DEBUG_INFORMATION_FORMAT = dwarf;
				ENABLE_STRICT_OBJC_MSGSEND = YES;
				ENABLE_TESTABILITY = YES;
				GCC_C_LANGUAGE_STANDARD = gnu11;
				GCC_DYNAMIC_NO_PIC = NO;
				GCC_NO_COMMON_BLOCKS = YES;
				GCC_OPTIMIZATION_LEVEL = 0;
				GCC_PREPROCESSOR_DEFINITIONS = (
					"DEBUG=1",
					"$(inherited)",
				);
				GCC_WARN_64_TO_32_BIT_CONVERSION = YES;
				GCC_WARN_ABOUT_RETURN_TYPE = YES_ERROR;
				GCC_WARN_UNDECLARED_SELECTOR = YES;
				GCC_WARN_UNINITIALIZED_AUTOS = YES_AGGRESSIVE;
				GCC_WARN_UNUSED_FUNCTION = YES;
				GCC_WARN_UNUSED_VARIABLE = YES;
				IPHONEOS_DEPLOYMENT_TARGET = 14.4;
				MTL_ENABLE_DEBUG_INFO = INCLUDE_SOURCE;
				MTL_FAST_MATH = YES;
				ONLY_ACTIVE_ARCH = YES;
				SDKROOT = iphoneos;
				SWIFT_ACTIVE_COMPILATION_CONDITIONS = DEBUG;
				SWIFT_OPTIMIZATION_LEVEL = "-Onone";
			};
			name = Debug;
		};
		C8AFE97126035A4E0021F63D /* Release */ = {
			isa = XCBuildConfiguration;
			buildSettings = {
				ALWAYS_SEARCH_USER_PATHS = NO;
				CLANG_ANALYZER_NONNULL = YES;
				CLANG_ANALYZER_NUMBER_OBJECT_CONVERSION = YES_AGGRESSIVE;
				CLANG_CXX_LANGUAGE_STANDARD = "gnu++14";
				CLANG_CXX_LIBRARY = "libc++";
				CLANG_ENABLE_MODULES = YES;
				CLANG_ENABLE_OBJC_ARC = YES;
				CLANG_ENABLE_OBJC_WEAK = YES;
				CLANG_WARN_BLOCK_CAPTURE_AUTORELEASING = YES;
				CLANG_WARN_BOOL_CONVERSION = YES;
				CLANG_WARN_COMMA = YES;
				CLANG_WARN_CONSTANT_CONVERSION = YES;
				CLANG_WARN_DEPRECATED_OBJC_IMPLEMENTATIONS = YES;
				CLANG_WARN_DIRECT_OBJC_ISA_USAGE = YES_ERROR;
				CLANG_WARN_DOCUMENTATION_COMMENTS = YES;
				CLANG_WARN_EMPTY_BODY = YES;
				CLANG_WARN_ENUM_CONVERSION = YES;
				CLANG_WARN_INFINITE_RECURSION = YES;
				CLANG_WARN_INT_CONVERSION = YES;
				CLANG_WARN_NON_LITERAL_NULL_CONVERSION = YES;
				CLANG_WARN_OBJC_IMPLICIT_RETAIN_SELF = YES;
				CLANG_WARN_OBJC_LITERAL_CONVERSION = YES;
				CLANG_WARN_OBJC_ROOT_CLASS = YES_ERROR;
				CLANG_WARN_QUOTED_INCLUDE_IN_FRAMEWORK_HEADER = YES;
				CLANG_WARN_RANGE_LOOP_ANALYSIS = YES;
				CLANG_WARN_STRICT_PROTOTYPES = YES;
				CLANG_WARN_SUSPICIOUS_MOVE = YES;
				CLANG_WARN_UNGUARDED_AVAILABILITY = YES_AGGRESSIVE;
				CLANG_WARN_UNREACHABLE_CODE = YES;
				CLANG_WARN__DUPLICATE_METHOD_MATCH = YES;
				COPY_PHASE_STRIP = NO;
				DEBUG_INFORMATION_FORMAT = "dwarf-with-dsym";
				ENABLE_NS_ASSERTIONS = NO;
				ENABLE_STRICT_OBJC_MSGSEND = YES;
				GCC_C_LANGUAGE_STANDARD = gnu11;
				GCC_NO_COMMON_BLOCKS = YES;
				GCC_WARN_64_TO_32_BIT_CONVERSION = YES;
				GCC_WARN_ABOUT_RETURN_TYPE = YES_ERROR;
				GCC_WARN_UNDECLARED_SELECTOR = YES;
				GCC_WARN_UNINITIALIZED_AUTOS = YES_AGGRESSIVE;
				GCC_WARN_UNUSED_FUNCTION = YES;
				GCC_WARN_UNUSED_VARIABLE = YES;
				IPHONEOS_DEPLOYMENT_TARGET = 14.4;
				MTL_ENABLE_DEBUG_INFO = NO;
				MTL_FAST_MATH = YES;
				SDKROOT = iphoneos;
				SWIFT_COMPILATION_MODE = wholemodule;
				SWIFT_OPTIMIZATION_LEVEL = "-O";
				VALIDATE_PRODUCT = YES;
			};
			name = Release;
		};
		C8AFE97326035A4E0021F63D /* Debug */ = {
			isa = XCBuildConfiguration;
			buildSettings = {
				ASSETCATALOG_COMPILER_APPICON_NAME = AppIcon;
				ASSETCATALOG_COMPILER_GLOBAL_ACCENT_COLOR_NAME = AccentColor;
				CODE_SIGN_STYLE = Automatic;
				INFOPLIST_FILE = DependencyDemo/Info.plist;
				LD_RUNPATH_SEARCH_PATHS = (
					"$(inherited)",
					"@executable_path/Frameworks",
				);
				PRODUCT_BUNDLE_IDENTIFIER = com.apadmi.DependencyDemo;
				PRODUCT_NAME = "$(TARGET_NAME)";
				SWIFT_VERSION = 5.0;
				TARGETED_DEVICE_FAMILY = "1,2";
			};
			name = Debug;
		};
		C8AFE97426035A4E0021F63D /* Release */ = {
			isa = XCBuildConfiguration;
			buildSettings = {
				ASSETCATALOG_COMPILER_APPICON_NAME = AppIcon;
				ASSETCATALOG_COMPILER_GLOBAL_ACCENT_COLOR_NAME = AccentColor;
				CODE_SIGN_STYLE = Automatic;
				INFOPLIST_FILE = DependencyDemo/Info.plist;
				LD_RUNPATH_SEARCH_PATHS = (
					"$(inherited)",
					"@executable_path/Frameworks",
				);
				PRODUCT_BUNDLE_IDENTIFIER = com.apadmi.DependencyDemo;
				PRODUCT_NAME = "$(TARGET_NAME)";
				SWIFT_VERSION = 5.0;
				TARGETED_DEVICE_FAMILY = "1,2";
			};
			name = Release;
		};
		C8AFE97626035A4E0021F63D /* Debug */ = {
			isa = XCBuildConfiguration;
			buildSettings = {
				ALWAYS_EMBED_SWIFT_STANDARD_LIBRARIES = YES;
				BUNDLE_LOADER = "$(TEST_HOST)";
				CODE_SIGN_STYLE = Automatic;
				INFOPLIST_FILE = DependencyDemoTests/Info.plist;
				IPHONEOS_DEPLOYMENT_TARGET = 14.4;
				LD_RUNPATH_SEARCH_PATHS = (
					"$(inherited)",
					"@executable_path/Frameworks",
					"@loader_path/Frameworks",
				);
				PRODUCT_BUNDLE_IDENTIFIER = com.apadmi.DependencyDemoTests;
				PRODUCT_NAME = "$(TARGET_NAME)";
				SWIFT_VERSION = 5.0;
				TARGETED_DEVICE_FAMILY = "1,2";
				TEST_HOST = "$(BUILT_PRODUCTS_DIR)/DependencyDemo.app/DependencyDemo";
			};
			name = Debug;
		};
		C8AFE97726035A4E0021F63D /* Release */ = {
			isa = XCBuildConfiguration;
			buildSettings = {
				ALWAYS_EMBED_SWIFT_STANDARD_LIBRARIES = YES;
				BUNDLE_LOADER = "$(TEST_HOST)";
				CODE_SIGN_STYLE = Automatic;
				INFOPLIST_FILE = DependencyDemoTests/Info.plist;
				IPHONEOS_DEPLOYMENT_TARGET = 14.4;
				LD_RUNPATH_SEARCH_PATHS = (
					"$(inherited)",
					"@executable_path/Frameworks",
					"@loader_path/Frameworks",
				);
				PRODUCT_BUNDLE_IDENTIFIER = com.apadmi.DependencyDemoTests;
				PRODUCT_NAME = "$(TARGET_NAME)";
				SWIFT_VERSION = 5.0;
				TARGETED_DEVICE_FAMILY = "1,2";
				TEST_HOST = "$(BUILT_PRODUCTS_DIR)/DependencyDemo.app/DependencyDemo";
			};
			name = Release;
		};
		C8AFE97926035A4E0021F63D /* Debug */ = {
			isa = XCBuildConfiguration;
			buildSettings = {
				ALWAYS_EMBED_SWIFT_STANDARD_LIBRARIES = YES;
				CODE_SIGN_STYLE = Automatic;
				INFOPLIST_FILE = DependencyDemoUITests/Info.plist;
				LD_RUNPATH_SEARCH_PATHS = (
					"$(inherited)",
					"@executable_path/Frameworks",
					"@loader_path/Frameworks",
				);
				PRODUCT_BUNDLE_IDENTIFIER = com.apadmi.DependencyDemoUITests;
				PRODUCT_NAME = "$(TARGET_NAME)";
				SWIFT_VERSION = 5.0;
				TARGETED_DEVICE_FAMILY = "1,2";
				TEST_TARGET_NAME = DependencyDemo;
			};
			name = Debug;
		};
		C8AFE97A26035A4E0021F63D /* Release */ = {
			isa = XCBuildConfiguration;
			buildSettings = {
				ALWAYS_EMBED_SWIFT_STANDARD_LIBRARIES = YES;
				CODE_SIGN_STYLE = Automatic;
				INFOPLIST_FILE = DependencyDemoUITests/Info.plist;
				LD_RUNPATH_SEARCH_PATHS = (
					"$(inherited)",
					"@executable_path/Frameworks",
					"@loader_path/Frameworks",
				);
				PRODUCT_BUNDLE_IDENTIFIER = com.apadmi.DependencyDemoUITests;
				PRODUCT_NAME = "$(TARGET_NAME)";
				SWIFT_VERSION = 5.0;
				TARGETED_DEVICE_FAMILY = "1,2";
				TEST_TARGET_NAME = DependencyDemo;
			};
			name = Release;
		};
/* End XCBuildConfiguration section */

/* Begin XCConfigurationList section */
		C8AFE94326035A4D0021F63D /* Build configuration list for PBXProject "DependencyDemo" */ = {
			isa = XCConfigurationList;
			buildConfigurations = (
				C8AFE97026035A4E0021F63D /* Debug */,
				C8AFE97126035A4E0021F63D /* Release */,
			);
			defaultConfigurationIsVisible = 0;
			defaultConfigurationName = Release;
		};
		C8AFE97226035A4E0021F63D /* Build configuration list for PBXNativeTarget "DependencyDemo" */ = {
			isa = XCConfigurationList;
			buildConfigurations = (
				C8AFE97326035A4E0021F63D /* Debug */,
				C8AFE97426035A4E0021F63D /* Release */,
			);
			defaultConfigurationIsVisible = 0;
			defaultConfigurationName = Release;
		};
		C8AFE97526035A4E0021F63D /* Build configuration list for PBXNativeTarget "DependencyDemoTests" */ = {
			isa = XCConfigurationList;
			buildConfigurations = (
				C8AFE97626035A4E0021F63D /* Debug */,
				C8AFE97726035A4E0021F63D /* Release */,
			);
			defaultConfigurationIsVisible = 0;
			defaultConfigurationName = Release;
		};
		C8AFE97826035A4E0021F63D /* Build configuration list for PBXNativeTarget "DependencyDemoUITests" */ = {
			isa = XCConfigurationList;
			buildConfigurations = (
				C8AFE97926035A4E0021F63D /* Debug */,
				C8AFE97A26035A4E0021F63D /* Release */,
			);
			defaultConfigurationIsVisible = 0;
			defaultConfigurationName = Release;
		};
/* End XCConfigurationList section */
	};
	rootObject = C8AFE94026035A4D0021F63D /* Project object */;
}
