// !$*UTF8*$!
{
	archiveVersion = 1;
	classes = {
	};
	objectVersion = 51;
	objects = {

/* Begin PBXBuildFile section */
		915C6A17030AF3F08E05C60B /* Pods_DependencyDemo.framework in Frameworks */ = {isa = PBXBuildFile; fileRef = 879B15EF8A057CEADA0D9B87 /* Pods_DependencyDemo.framework */; };
		C809663626038F3F0021B0B5 /* SignInPresenterTests.swift in Sources */ = {isa = PBXBuildFile; fileRef = C809663526038F3F0021B0B5 /* SignInPresenterTests.swift */; };
		C809663A26038FA30021B0B5 /* CognitoServiceMock.swift in Sources */ = {isa = PBXBuildFile; fileRef = C809663926038FA30021B0B5 /* CognitoServiceMock.swift */; };
		C809664C26039EB30021B0B5 /* DogApi.swift in Sources */ = {isa = PBXBuildFile; fileRef = C809664B26039EB30021B0B5 /* DogApi.swift */; };
		C809665226039F400021B0B5 /* DogImagesResponse.swift in Sources */ = {isa = PBXBuildFile; fileRef = C809665126039F400021B0B5 /* DogImagesResponse.swift */; };
		C809665C2603AB920021B0B5 /* Settings.swift in Sources */ = {isa = PBXBuildFile; fileRef = C809665B2603AB920021B0B5 /* Settings.swift */; };
		C80966622603B2A00021B0B5 /* UserRepository.swift in Sources */ = {isa = PBXBuildFile; fileRef = C80966612603B2A00021B0B5 /* UserRepository.swift */; };
		C81CA7E82603BFF400E6264C /* SignOutCommand.swift in Sources */ = {isa = PBXBuildFile; fileRef = C81CA7E72603BFF400E6264C /* SignOutCommand.swift */; };
		C81CA7EE2603C43A00E6264C /* UserRepositoryCachingDecorator.swift in Sources */ = {isa = PBXBuildFile; fileRef = C81CA7ED2603C43A00E6264C /* UserRepositoryCachingDecorator.swift */; };
		C852D57F2604A4A4005EFFA0 /* Resolver+ViewController.swift in Sources */ = {isa = PBXBuildFile; fileRef = C852D57E2604A4A4005EFFA0 /* Resolver+ViewController.swift */; };
		C8AFE94C26035A4D0021F63D /* AppDelegate.swift in Sources */ = {isa = PBXBuildFile; fileRef = C8AFE94B26035A4D0021F63D /* AppDelegate.swift */; };
		C8AFE95026035A4D0021F63D /* HomeViewController.swift in Sources */ = {isa = PBXBuildFile; fileRef = C8AFE94F26035A4D0021F63D /* HomeViewController.swift */; };
		C8AFE95326035A4D0021F63D /* Main.storyboard in Resources */ = {isa = PBXBuildFile; fileRef = C8AFE95126035A4D0021F63D /* Main.storyboard */; };
		C8AFE95526035A4E0021F63D /* Assets.xcassets in Resources */ = {isa = PBXBuildFile; fileRef = C8AFE95426035A4E0021F63D /* Assets.xcassets */; };
		C8AFE95826035A4E0021F63D /* LaunchScreen.storyboard in Resources */ = {isa = PBXBuildFile; fileRef = C8AFE95626035A4E0021F63D /* LaunchScreen.storyboard */; };
		C8AFE96326035A4E0021F63D /* DependencyDemoTests.swift in Sources */ = {isa = PBXBuildFile; fileRef = C8AFE96226035A4E0021F63D /* DependencyDemoTests.swift */; };
		C8AFE98B260360BA0021F63D /* SignInViewController.swift in Sources */ = {isa = PBXBuildFile; fileRef = C8AFE98A260360BA0021F63D /* SignInViewController.swift */; };
		C8AFE990260361960021F63D /* SignInPresenter.swift in Sources */ = {isa = PBXBuildFile; fileRef = C8AFE98F260361960021F63D /* SignInPresenter.swift */; };
		C8AFE998260361AB0021F63D /* HomePresenter.swift in Sources */ = {isa = PBXBuildFile; fileRef = C8AFE997260361AB0021F63D /* HomePresenter.swift */; };
		C8AFE99E260366420021F63D /* AppNavigator.swift in Sources */ = {isa = PBXBuildFile; fileRef = C8AFE99D260366420021F63D /* AppNavigator.swift */; };
		C8AFE9AA260372250021F63D /* CognitoService.swift in Sources */ = {isa = PBXBuildFile; fileRef = C8AFE9A9260372250021F63D /* CognitoService.swift */; };
		C8BA7B972604A24000EE0250 /* Resolver+Injection.swift in Sources */ = {isa = PBXBuildFile; fileRef = C8BA7B962604A24000EE0250 /* Resolver+Injection.swift */; };
		ED2540C6111F382228C89900 /* Pods_DependencyDemoTests.framework in Frameworks */ = {isa = PBXBuildFile; fileRef = 06DE3AC7C2D3A1576B1B09C3 /* Pods_DependencyDemoTests.framework */; };
/* End PBXBuildFile section */

/* Begin PBXContainerItemProxy section */
		C8AFE95F26035A4E0021F63D /* PBXContainerItemProxy */ = {
			isa = PBXContainerItemProxy;
			containerPortal = C8AFE94026035A4D0021F63D /* Project object */;
			proxyType = 1;
			remoteGlobalIDString = C8AFE94726035A4D0021F63D;
			remoteInfo = DependencyDemo;
		};
/* End PBXContainerItemProxy section */

/* Begin PBXFileReference section */
		06DE3AC7C2D3A1576B1B09C3 /* Pods_DependencyDemoTests.framework */ = {isa = PBXFileReference; explicitFileType = wrapper.framework; includeInIndex = 0; path = Pods_DependencyDemoTests.framework; sourceTree = BUILT_PRODUCTS_DIR; };
		0FB98EC8854A353183850247 /* Pods-DependencyDemoTests.release.xcconfig */ = {isa = PBXFileReference; includeInIndex = 1; lastKnownFileType = text.xcconfig; name = "Pods-DependencyDemoTests.release.xcconfig"; path = "Target Support Files/Pods-DependencyDemoTests/Pods-DependencyDemoTests.release.xcconfig"; sourceTree = "<group>"; };
		2E5F02D8459439A8ACC7692E /* Pods-DependencyDemoTests.debug.xcconfig */ = {isa = PBXFileReference; includeInIndex = 1; lastKnownFileType = text.xcconfig; name = "Pods-DependencyDemoTests.debug.xcconfig"; path = "Target Support Files/Pods-DependencyDemoTests/Pods-DependencyDemoTests.debug.xcconfig"; sourceTree = "<group>"; };
		879B15EF8A057CEADA0D9B87 /* Pods_DependencyDemo.framework */ = {isa = PBXFileReference; explicitFileType = wrapper.framework; includeInIndex = 0; path = Pods_DependencyDemo.framework; sourceTree = BUILT_PRODUCTS_DIR; };
		B43E0A519082F3FE0C4680FA /* Pods-DependencyDemo.release.xcconfig */ = {isa = PBXFileReference; includeInIndex = 1; lastKnownFileType = text.xcconfig; name = "Pods-DependencyDemo.release.xcconfig"; path = "Target Support Files/Pods-DependencyDemo/Pods-DependencyDemo.release.xcconfig"; sourceTree = "<group>"; };
		C809663526038F3F0021B0B5 /* SignInPresenterTests.swift */ = {isa = PBXFileReference; lastKnownFileType = sourcecode.swift; path = SignInPresenterTests.swift; sourceTree = "<group>"; };
		C809663926038FA30021B0B5 /* CognitoServiceMock.swift */ = {isa = PBXFileReference; lastKnownFileType = sourcecode.swift; path = CognitoServiceMock.swift; sourceTree = "<group>"; };
		C809664B26039EB30021B0B5 /* DogApi.swift */ = {isa = PBXFileReference; lastKnownFileType = sourcecode.swift; path = DogApi.swift; sourceTree = "<group>"; };
		C809665126039F400021B0B5 /* DogImagesResponse.swift */ = {isa = PBXFileReference; lastKnownFileType = sourcecode.swift; path = DogImagesResponse.swift; sourceTree = "<group>"; };
		C809665B2603AB920021B0B5 /* Settings.swift */ = {isa = PBXFileReference; lastKnownFileType = sourcecode.swift; path = Settings.swift; sourceTree = "<group>"; };
		C80966612603B2A00021B0B5 /* UserRepository.swift */ = {isa = PBXFileReference; lastKnownFileType = sourcecode.swift; path = UserRepository.swift; sourceTree = "<group>"; };
		C81CA7E72603BFF400E6264C /* SignOutCommand.swift */ = {isa = PBXFileReference; lastKnownFileType = sourcecode.swift; path = SignOutCommand.swift; sourceTree = "<group>"; };
		C81CA7ED2603C43A00E6264C /* UserRepositoryCachingDecorator.swift */ = {isa = PBXFileReference; fileEncoding = 4; lastKnownFileType = sourcecode.swift; path = UserRepositoryCachingDecorator.swift; sourceTree = "<group>"; };
		C852D57E2604A4A4005EFFA0 /* Resolver+ViewController.swift */ = {isa = PBXFileReference; lastKnownFileType = sourcecode.swift; path = "Resolver+ViewController.swift"; sourceTree = "<group>"; };
		C8AFE94826035A4D0021F63D /* DependencyDemo.app */ = {isa = PBXFileReference; explicitFileType = wrapper.application; includeInIndex = 0; path = DependencyDemo.app; sourceTree = BUILT_PRODUCTS_DIR; };
		C8AFE94B26035A4D0021F63D /* AppDelegate.swift */ = {isa = PBXFileReference; lastKnownFileType = sourcecode.swift; path = AppDelegate.swift; sourceTree = "<group>"; };
		C8AFE94F26035A4D0021F63D /* HomeViewController.swift */ = {isa = PBXFileReference; lastKnownFileType = sourcecode.swift; path = HomeViewController.swift; sourceTree = "<group>"; };
		C8AFE95226035A4D0021F63D /* Base */ = {isa = PBXFileReference; lastKnownFileType = file.storyboard; name = Base; path = Base.lproj/Main.storyboard; sourceTree = "<group>"; };
		C8AFE95426035A4E0021F63D /* Assets.xcassets */ = {isa = PBXFileReference; lastKnownFileType = folder.assetcatalog; path = Assets.xcassets; sourceTree = "<group>"; };
		C8AFE95726035A4E0021F63D /* Base */ = {isa = PBXFileReference; lastKnownFileType = file.storyboard; name = Base; path = Base.lproj/LaunchScreen.storyboard; sourceTree = "<group>"; };
		C8AFE95926035A4E0021F63D /* Info.plist */ = {isa = PBXFileReference; lastKnownFileType = text.plist.xml; path = Info.plist; sourceTree = "<group>"; };
		C8AFE95E26035A4E0021F63D /* DependencyDemoTests.xctest */ = {isa = PBXFileReference; explicitFileType = wrapper.cfbundle; includeInIndex = 0; path = DependencyDemoTests.xctest; sourceTree = BUILT_PRODUCTS_DIR; };
		C8AFE96226035A4E0021F63D /* DependencyDemoTests.swift */ = {isa = PBXFileReference; lastKnownFileType = sourcecode.swift; path = DependencyDemoTests.swift; sourceTree = "<group>"; };
		C8AFE96426035A4E0021F63D /* Info.plist */ = {isa = PBXFileReference; lastKnownFileType = text.plist.xml; path = Info.plist; sourceTree = "<group>"; };
		C8AFE98A260360BA0021F63D /* SignInViewController.swift */ = {isa = PBXFileReference; fileEncoding = 4; lastKnownFileType = sourcecode.swift; path = SignInViewController.swift; sourceTree = "<group>"; };
		C8AFE98F260361960021F63D /* SignInPresenter.swift */ = {isa = PBXFileReference; lastKnownFileType = sourcecode.swift; path = SignInPresenter.swift; sourceTree = "<group>"; };
		C8AFE997260361AB0021F63D /* HomePresenter.swift */ = {isa = PBXFileReference; lastKnownFileType = sourcecode.swift; path = HomePresenter.swift; sourceTree = "<group>"; };
		C8AFE99D260366420021F63D /* AppNavigator.swift */ = {isa = PBXFileReference; lastKnownFileType = sourcecode.swift; path = AppNavigator.swift; sourceTree = "<group>"; };
		C8AFE9A9260372250021F63D /* CognitoService.swift */ = {isa = PBXFileReference; lastKnownFileType = sourcecode.swift; path = CognitoService.swift; sourceTree = "<group>"; };
		C8BA7B962604A24000EE0250 /* Resolver+Injection.swift */ = {isa = PBXFileReference; lastKnownFileType = sourcecode.swift; path = "Resolver+Injection.swift"; sourceTree = "<group>"; };
		E7D108F89E27921CC99E8CAC /* Pods-DependencyDemo.debug.xcconfig */ = {isa = PBXFileReference; includeInIndex = 1; lastKnownFileType = text.xcconfig; name = "Pods-DependencyDemo.debug.xcconfig"; path = "Target Support Files/Pods-DependencyDemo/Pods-DependencyDemo.debug.xcconfig"; sourceTree = "<group>"; };
/* End PBXFileReference section */

/* Begin PBXFrameworksBuildPhase section */
		C8AFE94526035A4D0021F63D /* Frameworks */ = {
			isa = PBXFrameworksBuildPhase;
			buildActionMask = 2147483647;
			files = (
				915C6A17030AF3F08E05C60B /* Pods_DependencyDemo.framework in Frameworks */,
			);
			runOnlyForDeploymentPostprocessing = 0;
		};
		C8AFE95B26035A4E0021F63D /* Frameworks */ = {
			isa = PBXFrameworksBuildPhase;
			buildActionMask = 2147483647;
			files = (
				ED2540C6111F382228C89900 /* Pods_DependencyDemoTests.framework in Frameworks */,
			);
			runOnlyForDeploymentPostprocessing = 0;
		};
/* End PBXFrameworksBuildPhase section */

/* Begin PBXGroup section */
		AAB46265F4380F5EB2859BCB /* Frameworks */ = {
			isa = PBXGroup;
			children = (
				879B15EF8A057CEADA0D9B87 /* Pods_DependencyDemo.framework */,
				06DE3AC7C2D3A1576B1B09C3 /* Pods_DependencyDemoTests.framework */,
			);
			name = Frameworks;
			sourceTree = "<group>";
		};
		BEA709084CAB047553511BB6 /* Pods */ = {
			isa = PBXGroup;
			children = (
				E7D108F89E27921CC99E8CAC /* Pods-DependencyDemo.debug.xcconfig */,
				B43E0A519082F3FE0C4680FA /* Pods-DependencyDemo.release.xcconfig */,
				2E5F02D8459439A8ACC7692E /* Pods-DependencyDemoTests.debug.xcconfig */,
				0FB98EC8854A353183850247 /* Pods-DependencyDemoTests.release.xcconfig */,
			);
			path = Pods;
			sourceTree = "<group>";
		};
		C8AFE93F26035A4D0021F63D = {
			isa = PBXGroup;
			children = (
				C8AFE94A26035A4D0021F63D /* DependencyDemo */,
				C8AFE96126035A4E0021F63D /* DependencyDemoTests */,
				C8AFE94926035A4D0021F63D /* Products */,
				BEA709084CAB047553511BB6 /* Pods */,
				AAB46265F4380F5EB2859BCB /* Frameworks */,
			);
			sourceTree = "<group>";
		};
		C8AFE94926035A4D0021F63D /* Products */ = {
			isa = PBXGroup;
			children = (
				C8AFE94826035A4D0021F63D /* DependencyDemo.app */,
				C8AFE95E26035A4E0021F63D /* DependencyDemoTests.xctest */,
			);
			name = Products;
			sourceTree = "<group>";
		};
		C8AFE94A26035A4D0021F63D /* DependencyDemo */ = {
			isa = PBXGroup;
			children = (
				C8AFE94B26035A4D0021F63D /* AppDelegate.swift */,
				C8AFE99D260366420021F63D /* AppNavigator.swift */,
				C8AFE95426035A4E0021F63D /* Assets.xcassets */,
				C8AFE9A9260372250021F63D /* CognitoService.swift */,
				C809664B26039EB30021B0B5 /* DogApi.swift */,
				C809665126039F400021B0B5 /* DogImagesResponse.swift */,
				C8AFE997260361AB0021F63D /* HomePresenter.swift */,
				C8AFE94F26035A4D0021F63D /* HomeViewController.swift */,
				C8AFE95926035A4E0021F63D /* Info.plist */,
				C8AFE95626035A4E0021F63D /* LaunchScreen.storyboard */,
				C8AFE95126035A4D0021F63D /* Main.storyboard */,
				C8BA7B962604A24000EE0250 /* Resolver+Injection.swift */,
				C852D57E2604A4A4005EFFA0 /* Resolver+ViewController.swift */,
				C809665B2603AB920021B0B5 /* Settings.swift */,
				C8AFE98F260361960021F63D /* SignInPresenter.swift */,
				C8AFE98A260360BA0021F63D /* SignInViewController.swift */,
				C81CA7E72603BFF400E6264C /* SignOutCommand.swift */,
				C80966612603B2A00021B0B5 /* UserRepository.swift */,
				C81CA7ED2603C43A00E6264C /* UserRepositoryCachingDecorator.swift */,
			);
			path = DependencyDemo;
			sourceTree = "<group>";
		};
		C8AFE96126035A4E0021F63D /* DependencyDemoTests */ = {
			isa = PBXGroup;
			children = (
				C8AFE96226035A4E0021F63D /* DependencyDemoTests.swift */,
				C8AFE96426035A4E0021F63D /* Info.plist */,
				C809663926038FA30021B0B5 /* CognitoServiceMock.swift */,
				C809663526038F3F0021B0B5 /* SignInPresenterTests.swift */,
			);
			path = DependencyDemoTests;
			sourceTree = "<group>";
		};
/* End PBXGroup section */

/* Begin PBXNativeTarget section */
		C8AFE94726035A4D0021F63D /* DependencyDemo */ = {
			isa = PBXNativeTarget;
			buildConfigurationList = C8AFE97226035A4E0021F63D /* Build configuration list for PBXNativeTarget "DependencyDemo" */;
			buildPhases = (
				A02C1E38B826CFE4DF7CA5ED /* [CP] Check Pods Manifest.lock */,
				C8AFE94426035A4D0021F63D /* Sources */,
				C8AFE94526035A4D0021F63D /* Frameworks */,
				C8AFE94626035A4D0021F63D /* Resources */,
				8D3381CCC56B650392726253 /* [CP] Embed Pods Frameworks */,
			);
			buildRules = (
			);
			dependencies = (
			);
			name = DependencyDemo;
			productName = DependencyDemo;
			productReference = C8AFE94826035A4D0021F63D /* DependencyDemo.app */;
			productType = "com.apple.product-type.application";
		};
		C8AFE95D26035A4E0021F63D /* DependencyDemoTests */ = {
			isa = PBXNativeTarget;
			buildConfigurationList = C8AFE97526035A4E0021F63D /* Build configuration list for PBXNativeTarget "DependencyDemoTests" */;
			buildPhases = (
				2EC889FBF702CFB87D445008 /* [CP] Check Pods Manifest.lock */,
				C8AFE95A26035A4E0021F63D /* Sources */,
				C8AFE95B26035A4E0021F63D /* Frameworks */,
				C8AFE95C26035A4E0021F63D /* Resources */,
			);
			buildRules = (
			);
			dependencies = (
				C8AFE96026035A4E0021F63D /* PBXTargetDependency */,
			);
			name = DependencyDemoTests;
			productName = DependencyDemoTests;
			productReference = C8AFE95E26035A4E0021F63D /* DependencyDemoTests.xctest */;
			productType = "com.apple.product-type.bundle.unit-test";
		};
/* End PBXNativeTarget section */

/* Begin PBXProject section */
		C8AFE94026035A4D0021F63D /* Project object */ = {
			isa = PBXProject;
			attributes = {
				LastSwiftUpdateCheck = 1240;
				LastUpgradeCheck = 1240;
				TargetAttributes = {
					C8AFE94726035A4D0021F63D = {
						CreatedOnToolsVersion = 12.4;
					};
					C8AFE95D26035A4E0021F63D = {
						CreatedOnToolsVersion = 12.4;
						TestTargetID = C8AFE94726035A4D0021F63D;
					};
				};
			};
			buildConfigurationList = C8AFE94326035A4D0021F63D /* Build configuration list for PBXProject "DependencyDemo" */;
			compatibilityVersion = "Xcode 9.3";
			developmentRegion = en;
			hasScannedForEncodings = 0;
			knownRegions = (
				en,
				Base,
			);
			mainGroup = C8AFE93F26035A4D0021F63D;
			productRefGroup = C8AFE94926035A4D0021F63D /* Products */;
			projectDirPath = "";
			projectRoot = "";
			targets = (
				C8AFE94726035A4D0021F63D /* DependencyDemo */,
				C8AFE95D26035A4E0021F63D /* DependencyDemoTests */,
			);
		};
/* End PBXProject section */

/* Begin PBXResourcesBuildPhase section */
		C8AFE94626035A4D0021F63D /* Resources */ = {
			isa = PBXResourcesBuildPhase;
			buildActionMask = 2147483647;
			files = (
				C8AFE95826035A4E0021F63D /* LaunchScreen.storyboard in Resources */,
				C8AFE95526035A4E0021F63D /* Assets.xcassets in Resources */,
				C8AFE95326035A4D0021F63D /* Main.storyboard in Resources */,
			);
			runOnlyForDeploymentPostprocessing = 0;
		};
		C8AFE95C26035A4E0021F63D /* Resources */ = {
			isa = PBXResourcesBuildPhase;
			buildActionMask = 2147483647;
			files = (
			);
			runOnlyForDeploymentPostprocessing = 0;
		};
/* End PBXResourcesBuildPhase section */

/* Begin PBXShellScriptBuildPhase section */
		2EC889FBF702CFB87D445008 /* [CP] Check Pods Manifest.lock */ = {
			isa = PBXShellScriptBuildPhase;
			buildActionMask = 2147483647;
			files = (
			);
			inputFileListPaths = (
			);
			inputPaths = (
				"${PODS_PODFILE_DIR_PATH}/Podfile.lock",
				"${PODS_ROOT}/Manifest.lock",
			);
			name = "[CP] Check Pods Manifest.lock";
			outputFileListPaths = (
			);
			outputPaths = (
				"$(DERIVED_FILE_DIR)/Pods-DependencyDemoTests-checkManifestLockResult.txt",
			);
			runOnlyForDeploymentPostprocessing = 0;
			shellPath = /bin/sh;
			shellScript = "diff \"${PODS_PODFILE_DIR_PATH}/Podfile.lock\" \"${PODS_ROOT}/Manifest.lock\" > /dev/null\nif [ $? != 0 ] ; then\n    # print error to STDERR\n    echo \"error: The sandbox is not in sync with the Podfile.lock. Run 'pod install' or update your CocoaPods installation.\" >&2\n    exit 1\nfi\n# This output is used by Xcode 'outputs' to avoid re-running this script phase.\necho \"SUCCESS\" > \"${SCRIPT_OUTPUT_FILE_0}\"\n";
			showEnvVarsInLog = 0;
		};
		8D3381CCC56B650392726253 /* [CP] Embed Pods Frameworks */ = {
			isa = PBXShellScriptBuildPhase;
			buildActionMask = 2147483647;
			files = (
			);
			inputFileListPaths = (
				"${PODS_ROOT}/Target Support Files/Pods-DependencyDemo/Pods-DependencyDemo-frameworks-${CONFIGURATION}-input-files.xcfilelist",
			);
			name = "[CP] Embed Pods Frameworks";
			outputFileListPaths = (
				"${PODS_ROOT}/Target Support Files/Pods-DependencyDemo/Pods-DependencyDemo-frameworks-${CONFIGURATION}-output-files.xcfilelist",
			);
			runOnlyForDeploymentPostprocessing = 0;
			shellPath = /bin/sh;
			shellScript = "\"${PODS_ROOT}/Target Support Files/Pods-DependencyDemo/Pods-DependencyDemo-frameworks.sh\"\n";
			showEnvVarsInLog = 0;
		};
		A02C1E38B826CFE4DF7CA5ED /* [CP] Check Pods Manifest.lock */ = {
			isa = PBXShellScriptBuildPhase;
			buildActionMask = 2147483647;
			files = (
			);
			inputFileListPaths = (
			);
			inputPaths = (
				"${PODS_PODFILE_DIR_PATH}/Podfile.lock",
				"${PODS_ROOT}/Manifest.lock",
			);
			name = "[CP] Check Pods Manifest.lock";
			outputFileListPaths = (
			);
			outputPaths = (
				"$(DERIVED_FILE_DIR)/Pods-DependencyDemo-checkManifestLockResult.txt",
			);
			runOnlyForDeploymentPostprocessing = 0;
			shellPath = /bin/sh;
			shellScript = "diff \"${PODS_PODFILE_DIR_PATH}/Podfile.lock\" \"${PODS_ROOT}/Manifest.lock\" > /dev/null\nif [ $? != 0 ] ; then\n    # print error to STDERR\n    echo \"error: The sandbox is not in sync with the Podfile.lock. Run 'pod install' or update your CocoaPods installation.\" >&2\n    exit 1\nfi\n# This output is used by Xcode 'outputs' to avoid re-running this script phase.\necho \"SUCCESS\" > \"${SCRIPT_OUTPUT_FILE_0}\"\n";
			showEnvVarsInLog = 0;
		};
/* End PBXShellScriptBuildPhase section */

/* Begin PBXSourcesBuildPhase section */
		C8AFE94426035A4D0021F63D /* Sources */ = {
			isa = PBXSourcesBuildPhase;
			buildActionMask = 2147483647;
			files = (
				C81CA7EE2603C43A00E6264C /* UserRepositoryCachingDecorator.swift in Sources */,
				C80966622603B2A00021B0B5 /* UserRepository.swift in Sources */,
				C8AFE990260361960021F63D /* SignInPresenter.swift in Sources */,
				C8AFE98B260360BA0021F63D /* SignInViewController.swift in Sources */,
				C8AFE95026035A4D0021F63D /* HomeViewController.swift in Sources */,
				C809664C26039EB30021B0B5 /* DogApi.swift in Sources */,
				C809665C2603AB920021B0B5 /* Settings.swift in Sources */,
				C8AFE998260361AB0021F63D /* HomePresenter.swift in Sources */,
				C81CA7E82603BFF400E6264C /* SignOutCommand.swift in Sources */,
				C8AFE9AA260372250021F63D /* CognitoService.swift in Sources */,
				C8AFE94C26035A4D0021F63D /* AppDelegate.swift in Sources */,
				C8BA7B972604A24000EE0250 /* Resolver+Injection.swift in Sources */,
				C809665226039F400021B0B5 /* DogImagesResponse.swift in Sources */,
				C852D57F2604A4A4005EFFA0 /* Resolver+ViewController.swift in Sources */,
				C8AFE99E260366420021F63D /* AppNavigator.swift in Sources */,
			);
			runOnlyForDeploymentPostprocessing = 0;
		};
		C8AFE95A26035A4E0021F63D /* Sources */ = {
			isa = PBXSourcesBuildPhase;
			buildActionMask = 2147483647;
			files = (
				C809663626038F3F0021B0B5 /* SignInPresenterTests.swift in Sources */,
				C8AFE96326035A4E0021F63D /* DependencyDemoTests.swift in Sources */,
				C809663A26038FA30021B0B5 /* CognitoServiceMock.swift in Sources */,
			);
			runOnlyForDeploymentPostprocessing = 0;
		};
/* End PBXSourcesBuildPhase section */

/* Begin PBXTargetDependency section */
		C8AFE96026035A4E0021F63D /* PBXTargetDependency */ = {
			isa = PBXTargetDependency;
			target = C8AFE94726035A4D0021F63D /* DependencyDemo */;
			targetProxy = C8AFE95F26035A4E0021F63D /* PBXContainerItemProxy */;
		};
/* End PBXTargetDependency section */

/* Begin PBXVariantGroup section */
		C8AFE95126035A4D0021F63D /* Main.storyboard */ = {
			isa = PBXVariantGroup;
			children = (
				C8AFE95226035A4D0021F63D /* Base */,
			);
			name = Main.storyboard;
			sourceTree = "<group>";
		};
		C8AFE95626035A4E0021F63D /* LaunchScreen.storyboard */ = {
			isa = PBXVariantGroup;
			children = (
				C8AFE95726035A4E0021F63D /* Base */,
			);
			name = LaunchScreen.storyboard;
			sourceTree = "<group>";
		};
/* End PBXVariantGroup section */

/* Begin XCBuildConfiguration section */
		C8AFE97026035A4E0021F63D /* Debug */ = {
			isa = XCBuildConfiguration;
			buildSettings = {
				ALWAYS_SEARCH_USER_PATHS = NO;
				CLANG_ANALYZER_NONNULL = YES;
				CLANG_ANALYZER_NUMBER_OBJECT_CONVERSION = YES_AGGRESSIVE;
				CLANG_CXX_LANGUAGE_STANDARD = "gnu++14";
				CLANG_CXX_LIBRARY = "libc++";
				CLANG_ENABLE_MODULES = YES;
				CLANG_ENABLE_OBJC_ARC = YES;
				CLANG_ENABLE_OBJC_WEAK = YES;
				CLANG_WARN_BLOCK_CAPTURE_AUTORELEASING = YES;
				CLANG_WARN_BOOL_CONVERSION = YES;
				CLANG_WARN_COMMA = YES;
				CLANG_WARN_CONSTANT_CONVERSION = YES;
				CLANG_WARN_DEPRECATED_OBJC_IMPLEMENTATIONS = YES;
				CLANG_WARN_DIRECT_OBJC_ISA_USAGE = YES_ERROR;
				CLANG_WARN_DOCUMENTATION_COMMENTS = YES;
				CLANG_WARN_EMPTY_BODY = YES;
				CLANG_WARN_ENUM_CONVERSION = YES;
				CLANG_WARN_INFINITE_RECURSION = YES;
				CLANG_WARN_INT_CONVERSION = YES;
				CLANG_WARN_NON_LITERAL_NULL_CONVERSION = YES;
				CLANG_WARN_OBJC_IMPLICIT_RETAIN_SELF = YES;
				CLANG_WARN_OBJC_LITERAL_CONVERSION = YES;
				CLANG_WARN_OBJC_ROOT_CLASS = YES_ERROR;
				CLANG_WARN_QUOTED_INCLUDE_IN_FRAMEWORK_HEADER = YES;
				CLANG_WARN_RANGE_LOOP_ANALYSIS = YES;
				CLANG_WARN_STRICT_PROTOTYPES = YES;
				CLANG_WARN_SUSPICIOUS_MOVE = YES;
				CLANG_WARN_UNGUARDED_AVAILABILITY = YES_AGGRESSIVE;
				CLANG_WARN_UNREACHABLE_CODE = YES;
				CLANG_WARN__DUPLICATE_METHOD_MATCH = YES;
				COPY_PHASE_STRIP = NO;
				DEBUG_INFORMATION_FORMAT = dwarf;
				ENABLE_STRICT_OBJC_MSGSEND = YES;
				ENABLE_TESTABILITY = YES;
				GCC_C_LANGUAGE_STANDARD = gnu11;
				GCC_DYNAMIC_NO_PIC = NO;
				GCC_NO_COMMON_BLOCKS = YES;
				GCC_OPTIMIZATION_LEVEL = 0;
				GCC_PREPROCESSOR_DEFINITIONS = (
					"DEBUG=1",
					"$(inherited)",
				);
				GCC_WARN_64_TO_32_BIT_CONVERSION = YES;
				GCC_WARN_ABOUT_RETURN_TYPE = YES_ERROR;
				GCC_WARN_UNDECLARED_SELECTOR = YES;
				GCC_WARN_UNINITIALIZED_AUTOS = YES_AGGRESSIVE;
				GCC_WARN_UNUSED_FUNCTION = YES;
				GCC_WARN_UNUSED_VARIABLE = YES;
				IPHONEOS_DEPLOYMENT_TARGET = 13.0;
				MTL_ENABLE_DEBUG_INFO = INCLUDE_SOURCE;
				MTL_FAST_MATH = YES;
				ONLY_ACTIVE_ARCH = YES;
				SDKROOT = iphoneos;
				SWIFT_ACTIVE_COMPILATION_CONDITIONS = DEBUG;
				SWIFT_OPTIMIZATION_LEVEL = "-Onone";
			};
			name = Debug;
		};
		C8AFE97126035A4E0021F63D /* Release */ = {
			isa = XCBuildConfiguration;
			buildSettings = {
				ALWAYS_SEARCH_USER_PATHS = NO;
				CLANG_ANALYZER_NONNULL = YES;
				CLANG_ANALYZER_NUMBER_OBJECT_CONVERSION = YES_AGGRESSIVE;
				CLANG_CXX_LANGUAGE_STANDARD = "gnu++14";
				CLANG_CXX_LIBRARY = "libc++";
				CLANG_ENABLE_MODULES = YES;
				CLANG_ENABLE_OBJC_ARC = YES;
				CLANG_ENABLE_OBJC_WEAK = YES;
				CLANG_WARN_BLOCK_CAPTURE_AUTORELEASING = YES;
				CLANG_WARN_BOOL_CONVERSION = YES;
				CLANG_WARN_COMMA = YES;
				CLANG_WARN_CONSTANT_CONVERSION = YES;
				CLANG_WARN_DEPRECATED_OBJC_IMPLEMENTATIONS = YES;
				CLANG_WARN_DIRECT_OBJC_ISA_USAGE = YES_ERROR;
				CLANG_WARN_DOCUMENTATION_COMMENTS = YES;
				CLANG_WARN_EMPTY_BODY = YES;
				CLANG_WARN_ENUM_CONVERSION = YES;
				CLANG_WARN_INFINITE_RECURSION = YES;
				CLANG_WARN_INT_CONVERSION = YES;
				CLANG_WARN_NON_LITERAL_NULL_CONVERSION = YES;
				CLANG_WARN_OBJC_IMPLICIT_RETAIN_SELF = YES;
				CLANG_WARN_OBJC_LITERAL_CONVERSION = YES;
				CLANG_WARN_OBJC_ROOT_CLASS = YES_ERROR;
				CLANG_WARN_QUOTED_INCLUDE_IN_FRAMEWORK_HEADER = YES;
				CLANG_WARN_RANGE_LOOP_ANALYSIS = YES;
				CLANG_WARN_STRICT_PROTOTYPES = YES;
				CLANG_WARN_SUSPICIOUS_MOVE = YES;
				CLANG_WARN_UNGUARDED_AVAILABILITY = YES_AGGRESSIVE;
				CLANG_WARN_UNREACHABLE_CODE = YES;
				CLANG_WARN__DUPLICATE_METHOD_MATCH = YES;
				COPY_PHASE_STRIP = NO;
				DEBUG_INFORMATION_FORMAT = "dwarf-with-dsym";
				ENABLE_NS_ASSERTIONS = NO;
				ENABLE_STRICT_OBJC_MSGSEND = YES;
				GCC_C_LANGUAGE_STANDARD = gnu11;
				GCC_NO_COMMON_BLOCKS = YES;
				GCC_WARN_64_TO_32_BIT_CONVERSION = YES;
				GCC_WARN_ABOUT_RETURN_TYPE = YES_ERROR;
				GCC_WARN_UNDECLARED_SELECTOR = YES;
				GCC_WARN_UNINITIALIZED_AUTOS = YES_AGGRESSIVE;
				GCC_WARN_UNUSED_FUNCTION = YES;
				GCC_WARN_UNUSED_VARIABLE = YES;
				IPHONEOS_DEPLOYMENT_TARGET = 13.0;
				MTL_ENABLE_DEBUG_INFO = NO;
				MTL_FAST_MATH = YES;
				SDKROOT = iphoneos;
				SWIFT_COMPILATION_MODE = wholemodule;
				SWIFT_OPTIMIZATION_LEVEL = "-O";
				VALIDATE_PRODUCT = YES;
			};
			name = Release;
		};
		C8AFE97326035A4E0021F63D /* Debug */ = {
			isa = XCBuildConfiguration;
			baseConfigurationReference = E7D108F89E27921CC99E8CAC /* Pods-DependencyDemo.debug.xcconfig */;
			buildSettings = {
				ASSETCATALOG_COMPILER_APPICON_NAME = AppIcon;
				ASSETCATALOG_COMPILER_GLOBAL_ACCENT_COLOR_NAME = AccentColor;
				CODE_SIGN_STYLE = Automatic;
				INFOPLIST_FILE = DependencyDemo/Info.plist;
				LD_RUNPATH_SEARCH_PATHS = (
					"$(inherited)",
					"@executable_path/Frameworks",
				);
				PRODUCT_BUNDLE_IDENTIFIER = com.apadmi.DependencyDemo;
				PRODUCT_NAME = "$(TARGET_NAME)";
				SWIFT_VERSION = 5.0;
				TARGETED_DEVICE_FAMILY = "1,2";
			};
			name = Debug;
		};
		C8AFE97426035A4E0021F63D /* Release */ = {
			isa = XCBuildConfiguration;
			baseConfigurationReference = B43E0A519082F3FE0C4680FA /* Pods-DependencyDemo.release.xcconfig */;
			buildSettings = {
				ASSETCATALOG_COMPILER_APPICON_NAME = AppIcon;
				ASSETCATALOG_COMPILER_GLOBAL_ACCENT_COLOR_NAME = AccentColor;
				CODE_SIGN_STYLE = Automatic;
				INFOPLIST_FILE = DependencyDemo/Info.plist;
				LD_RUNPATH_SEARCH_PATHS = (
					"$(inherited)",
					"@executable_path/Frameworks",
				);
				PRODUCT_BUNDLE_IDENTIFIER = com.apadmi.DependencyDemo;
				PRODUCT_NAME = "$(TARGET_NAME)";
				SWIFT_VERSION = 5.0;
				TARGETED_DEVICE_FAMILY = "1,2";
			};
			name = Release;
		};
		C8AFE97626035A4E0021F63D /* Debug */ = {
			isa = XCBuildConfiguration;
			baseConfigurationReference = 2E5F02D8459439A8ACC7692E /* Pods-DependencyDemoTests.debug.xcconfig */;
			buildSettings = {
				ALWAYS_EMBED_SWIFT_STANDARD_LIBRARIES = YES;
				BUNDLE_LOADER = "$(TEST_HOST)";
				CODE_SIGN_STYLE = Automatic;
				INFOPLIST_FILE = DependencyDemoTests/Info.plist;
				IPHONEOS_DEPLOYMENT_TARGET = 14.4;
				LD_RUNPATH_SEARCH_PATHS = (
					"$(inherited)",
					"@executable_path/Frameworks",
					"@loader_path/Frameworks",
				);
				PRODUCT_BUNDLE_IDENTIFIER = com.apadmi.DependencyDemoTests;
				PRODUCT_NAME = "$(TARGET_NAME)";
				SWIFT_VERSION = 5.0;
				TARGETED_DEVICE_FAMILY = "1,2";
				TEST_HOST = "$(BUILT_PRODUCTS_DIR)/DependencyDemo.app/DependencyDemo";
			};
			name = Debug;
		};
		C8AFE97726035A4E0021F63D /* Release */ = {
			isa = XCBuildConfiguration;
			baseConfigurationReference = 0FB98EC8854A353183850247 /* Pods-DependencyDemoTests.release.xcconfig */;
			buildSettings = {
				ALWAYS_EMBED_SWIFT_STANDARD_LIBRARIES = YES;
				BUNDLE_LOADER = "$(TEST_HOST)";
				CODE_SIGN_STYLE = Automatic;
				INFOPLIST_FILE = DependencyDemoTests/Info.plist;
				IPHONEOS_DEPLOYMENT_TARGET = 14.4;
				LD_RUNPATH_SEARCH_PATHS = (
					"$(inherited)",
					"@executable_path/Frameworks",
					"@loader_path/Frameworks",
				);
				PRODUCT_BUNDLE_IDENTIFIER = com.apadmi.DependencyDemoTests;
				PRODUCT_NAME = "$(TARGET_NAME)";
				SWIFT_VERSION = 5.0;
				TARGETED_DEVICE_FAMILY = "1,2";
				TEST_HOST = "$(BUILT_PRODUCTS_DIR)/DependencyDemo.app/DependencyDemo";
			};
			name = Release;
		};
/* End XCBuildConfiguration section */

/* Begin XCConfigurationList section */
		C8AFE94326035A4D0021F63D /* Build configuration list for PBXProject "DependencyDemo" */ = {
			isa = XCConfigurationList;
			buildConfigurations = (
				C8AFE97026035A4E0021F63D /* Debug */,
				C8AFE97126035A4E0021F63D /* Release */,
			);
			defaultConfigurationIsVisible = 0;
			defaultConfigurationName = Release;
		};
		C8AFE97226035A4E0021F63D /* Build configuration list for PBXNativeTarget "DependencyDemo" */ = {
			isa = XCConfigurationList;
			buildConfigurations = (
				C8AFE97326035A4E0021F63D /* Debug */,
				C8AFE97426035A4E0021F63D /* Release */,
			);
			defaultConfigurationIsVisible = 0;
			defaultConfigurationName = Release;
		};
		C8AFE97526035A4E0021F63D /* Build configuration list for PBXNativeTarget "DependencyDemoTests" */ = {
			isa = XCConfigurationList;
			buildConfigurations = (
				C8AFE97626035A4E0021F63D /* Debug */,
				C8AFE97726035A4E0021F63D /* Release */,
			);
			defaultConfigurationIsVisible = 0;
			defaultConfigurationName = Release;
		};
/* End XCConfigurationList section */
	};
	rootObject = C8AFE94026035A4D0021F63D /* Project object */;
}
